
Microsoft Visual Studio Solution File, Format Version 11.00
# Visual Studio 2010
Project("{FAE04EC0-301F-11D3-BF4B-00C04F79EFBC}") = "Assembly-CSharp", "Assembly-CSharp.csproj", "{FE76E2CD-273B-BEEF-8EB3-DF59C4AA891E}"
EndProject
Project("{FAE04EC0-301F-11D3-BF4B-00C04F79EFBC}") = "Assembly-CSharp-Editor", "Assembly-CSharp-Editor.csproj", "{5E6DEB21-C95A-7F4E-A1CD-7BFD39316FF3}"
EndProject
Global
	GlobalSection(SolutionConfigurationPlatforms) = preSolution
		Debug|Any CPU = Debug|Any CPU
		Release|Any CPU = Release|Any CPU
	EndGlobalSection
	GlobalSection(ProjectConfigurationPlatforms) = postSolution
		{FE76E2CD-273B-BEEF-8EB3-DF59C4AA891E}.Debug|Any CPU.ActiveCfg = Debug|Any CPU
		{FE76E2CD-273B-BEEF-8EB3-DF59C4AA891E}.Debug|Any CPU.Build.0 = Debug|Any CPU
		{FE76E2CD-273B-BEEF-8EB3-DF59C4AA891E}.Release|Any CPU.ActiveCfg = Release|Any CPU
		{FE76E2CD-273B-BEEF-8EB3-DF59C4AA891E}.Release|Any CPU.Build.0 = Release|Any CPU
		{5E6DEB21-C95A-7F4E-A1CD-7BFD39316FF3}.Debug|Any CPU.ActiveCfg = Debug|Any CPU
		{5E6DEB21-C95A-7F4E-A1CD-7BFD39316FF3}.Debug|Any CPU.Build.0 = Debug|Any CPU
		{5E6DEB21-C95A-7F4E-A1CD-7BFD39316FF3}.Release|Any CPU.ActiveCfg = Release|Any CPU
		{5E6DEB21-C95A-7F4E-A1CD-7BFD39316FF3}.Release|Any CPU.Build.0 = Release|Any CPU
	EndGlobalSection
	GlobalSection(SolutionProperties) = preSolution
		HideSolutionNode = FALSE
	EndGlobalSection
EndGlobal
